
Microsoft Visual Studio Solution File, Format Version 12.00
# Visual Studio Version 16
VisualStudioVersion = 16.0.29209.62
MinimumVisualStudioVersion = 10.0.40219.1
Project("{FAE04EC0-301F-11D3-BF4B-00C04F79EFBC}") = "WindowsFormsApp1", "WindowsFormsApp1\WindowsFormsApp1.csproj", "{9F29BD9E-1B3F-4EC4-8287-900ED2CCCAAA}"
EndProject
Global
	GlobalSection(SolutionConfigurationPlatforms) = preSolution
		Debug|Any CPU = Debug|Any CPU
		Release|Any CPU = Release|Any CPU
	EndGlobalSection
	GlobalSection(ProjectConfigurationPlatforms) = postSolution
		{9F29BD9E-1B3F-4EC4-8287-900ED2CCCAAA}.Debug|Any CPU.ActiveCfg = Debug|Any CPU
		{9F29BD9E-1B3F-4EC4-8287-900ED2CCCAAA}.Debug|Any CPU.Build.0 = Debug|Any CPU
		{9F29BD9E-1B3F-4EC4-8287-900ED2CCCAAA}.Release|Any CPU.ActiveCfg = Release|Any CPU
		{9F29BD9E-1B3F-4EC4-8287-900ED2CCCAAA}.Release|Any CPU.Build.0 = Release|Any CPU
	EndGlobalSection
	GlobalSection(SolutionProperties) = preSolution
		HideSolutionNode = FALSE
	EndGlobalSection
	GlobalSection(ExtensibilityGlobals) = postSolution
		SolutionGuid = {1B40511B-2409-4D98-AE1C-E4DC8F02ADC2}
	EndGlobalSection
EndGlobal
